
Microsoft Visual Studio Solution File, Format Version 12.00
Project("{FAE04EC0-301F-11D3-BF4B-00C04F79EFBC}") = "ESGScoringApp", "ESGScoringApp\ESGScoringApp.csproj", "{38461894-E967-4323-91B9-642B4817E3A3}"
EndProject
Global
	GlobalSection(SolutionConfigurationPlatforms) = preSolution
		Debug|Any CPU = Debug|Any CPU
		Release|Any CPU = Release|Any CPU
	EndGlobalSection
	GlobalSection(ProjectConfigurationPlatforms) = postSolution
		{38461894-E967-4323-91B9-642B4817E3A3}.Debug|Any CPU.ActiveCfg = Debug|Any CPU
		{38461894-E967-4323-91B9-642B4817E3A3}.Debug|Any CPU.Build.0 = Debug|Any CPU
		{38461894-E967-4323-91B9-642B4817E3A3}.Release|Any CPU.ActiveCfg = Release|Any CPU
		{38461894-E967-4323-91B9-642B4817E3A3}.Release|Any CPU.Build.0 = Release|Any CPU
	EndGlobalSection
EndGlobal
